
Microsoft Visual Studio Solution File, Format Version 12.00
# Visual Studio Version 16
VisualStudioVersion = 16.0.31702.278
MinimumVisualStudioVersion = 10.0.40219.1
Project("{FAE04EC0-301F-11D3-BF4B-00C04F79EFBC}") = "AddressBookLibrary", "AddressBookLibrary\AddressBookLibrary.csproj", "{2B9E6DF6-021F-4348-9F17-D930B38AFC06}"
EndProject
Project("{FAE04EC0-301F-11D3-BF4B-00C04F79EFBC}") = "AddressBookUI", "AddressBookUI\AddressBookUI.csproj", "{0C92CBF9-001E-4135-BA95-7AAEB5A264C1}"
EndProject
Project("{FAE04EC0-301F-11D3-BF4B-00C04F79EFBC}") = "AddressBookTest", "AddressBookTest\AddressBookTest.csproj", "{0F687747-127E-4394-97A1-E6F4B7A013ED}"
EndProject
Global
	GlobalSection(SolutionConfigurationPlatforms) = preSolution
		Debug|Any CPU = Debug|Any CPU
		Release|Any CPU = Release|Any CPU
	EndGlobalSection
	GlobalSection(ProjectConfigurationPlatforms) = postSolution
		{2B9E6DF6-021F-4348-9F17-D930B38AFC06}.Debug|Any CPU.ActiveCfg = Debug|Any CPU
		{2B9E6DF6-021F-4348-9F17-D930B38AFC06}.Debug|Any CPU.Build.0 = Debug|Any CPU
		{2B9E6DF6-021F-4348-9F17-D930B38AFC06}.Release|Any CPU.ActiveCfg = Release|Any CPU
		{2B9E6DF6-021F-4348-9F17-D930B38AFC06}.Release|Any CPU.Build.0 = Release|Any CPU
		{0C92CBF9-001E-4135-BA95-7AAEB5A264C1}.Debug|Any CPU.ActiveCfg = Debug|Any CPU
		{0C92CBF9-001E-4135-BA95-7AAEB5A264C1}.Debug|Any CPU.Build.0 = Debug|Any CPU
		{0C92CBF9-001E-4135-BA95-7AAEB5A264C1}.Release|Any CPU.ActiveCfg = Release|Any CPU
		{0C92CBF9-001E-4135-BA95-7AAEB5A264C1}.Release|Any CPU.Build.0 = Release|Any CPU
		{0F687747-127E-4394-97A1-E6F4B7A013ED}.Debug|Any CPU.ActiveCfg = Debug|Any CPU
		{0F687747-127E-4394-97A1-E6F4B7A013ED}.Debug|Any CPU.Build.0 = Debug|Any CPU
		{0F687747-127E-4394-97A1-E6F4B7A013ED}.Release|Any CPU.ActiveCfg = Release|Any CPU
		{0F687747-127E-4394-97A1-E6F4B7A013ED}.Release|Any CPU.Build.0 = Release|Any CPU
	EndGlobalSection
	GlobalSection(SolutionProperties) = preSolution
		HideSolutionNode = FALSE
	EndGlobalSection
	GlobalSection(ExtensibilityGlobals) = postSolution
		SolutionGuid = {10455522-FDF6-4306-ABFE-4F28B514DC31}
	EndGlobalSection
EndGlobal
